
Microsoft Visual Studio Solution File, Format Version 12.00
Project("{FAE04EC0-301F-11D3-BF4B-00C04F79EFBC}") = "Inventor.AddinTemplate", "Inventor.AddinTemplate.csproj", "{FD120147-C25C-4B49-A35B-E1FF716287BB}"
EndProject
Global
	GlobalSection(SolutionConfigurationPlatforms) = preSolution
		Debug|Any CPU = Debug|Any CPU
		Release|Any CPU = Release|Any CPU
	EndGlobalSection
	GlobalSection(ProjectConfigurationPlatforms) = postSolution
		{FD120147-C25C-4B49-A35B-E1FF716287BB}.Debug|Any CPU.ActiveCfg = Debug|Any CPU
		{FD120147-C25C-4B49-A35B-E1FF716287BB}.Debug|Any CPU.Build.0 = Debug|Any CPU
		{FD120147-C25C-4B49-A35B-E1FF716287BB}.Release|Any CPU.ActiveCfg = Release|Any CPU
		{FD120147-C25C-4B49-A35B-E1FF716287BB}.Release|Any CPU.Build.0 = Release|Any CPU
	EndGlobalSection
EndGlobal
